<?xml version="1.0" encoding="utf-8"?>
<Project ToolsVersion="4.0" xmlns="http://schemas.microsoft.com/developer/msbuild/2003">
  <ItemGroup>
    <Filter Include="Archivos de código fuente">
      <UniqueIdentifier>{4FC737F1-C7A5-4376-A066-2A32D752A2FF}</UniqueIdentifier>
      <Extensions>cpp;c;cc;cxx;def;odl;idl;hpj;bat;asm;asmx</Extensions>
    </Filter>
    <Filter Include="Archivos de encabezado">
      <UniqueIdentifier>{93995380-89BD-4b04-88EB-625FBE52EBFB}</UniqueIdentifier>
      <Extensions>h;hpp;hxx;hm;inl;inc;xsd</Extensions>
    </Filter>
    <Filter Include="Archivos de recursos">
      <UniqueIdentifier>{67DA6AB6-F800-4c08-8B7A-83BB121AAD01}</UniqueIdentifier>
      <Extensions>rc;ico;cur;bmp;dlg;rc2;rct;bin;rgs;gif;jpg;jpeg;jpe;resx;tiff;tif;png;wav;mfcribbon-ms</Extensions>
    </Filter>
    <Filter Include="Archivos de encabezado\core">
      <UniqueIdentifier>{a77bf41a-e159-4d67-80ec-a25fea3b0be2}</UniqueIdentifier>
    </Filter>
    <Filter Include="Archivos de encabezado\adiel">
      <UniqueIdentifier>{64ea4aef-e06b-49ca-bb94-45f4e1b9a952}</UniqueIdentifier>
    </Filter>
    <Filter Include="Archivos de encabezado\imgproviders">
      <UniqueIdentifier>{7b5ebc36-71b8-47b4-abd3-3681a9aa9d66}</UniqueIdentifier>
    </Filter>
    <Filter Include="Archivos de código fuente\core">
      <UniqueIdentifier>{6c49c7a3-a373-4647-964f-2e701b4c232b}</UniqueIdentifier>
    </Filter>
    <Filter Include="Archivos de código fuente\imgproviders">
      <UniqueIdentifier>{0c5ca24e-8c22-4f00-afb3-e99f2af6d9cc}</UniqueIdentifier>
    </Filter>
  </ItemGroup>
  <ItemGroup>
    <Text Include="ReadMe.txt" />
  </ItemGroup>
  <ItemGroup>
    <ClInclude Include="stdafx.h">
      <Filter>Archivos de encabezado</Filter>
    </ClInclude>
    <ClInclude Include="resource.h">
      <Filter>Archivos de encabezado</Filter>
    </ClInclude>
    <ClInclude Include="core.h">
      <Filter>Archivos de encabezado\core</Filter>
    </ClInclude>
    <ClInclude Include="core_experiment.h">
      <Filter>Archivos de encabezado\core</Filter>
    </ClInclude>
    <ClInclude Include="MiDetector.h">
      <Filter>Archivos de encabezado\adiel</Filter>
    </ClInclude>
    <ClInclude Include="allcore.h">
      <Filter>Archivos de encabezado\core</Filter>
    </ClInclude>
    <ClInclude Include="MiReconocedorFacial.h">
      <Filter>Archivos de encabezado\adiel</Filter>
    </ClInclude>
    <ClInclude Include="Provider1.h">
      <Filter>Archivos de encabezado\imgproviders</Filter>
    </ClInclude>
  </ItemGroup>
  <ItemGroup>
    <ResourceCompile Include="app.rc">
      <Filter>Archivos de recursos</Filter>
    </ResourceCompile>
  </ItemGroup>
  <ItemGroup>
    <ClCompile Include="OPENCV3.cpp">
      <Filter>Archivos de código fuente</Filter>
    </ClCompile>
    <ClCompile Include="AssemblyInfo.cpp">
      <Filter>Archivos de código fuente</Filter>
    </ClCompile>
    <ClCompile Include="stdafx.cpp">
      <Filter>Archivos de código fuente</Filter>
    </ClCompile>
  </ItemGroup>
  <ItemGroup>
    <Image Include="app.ico">
      <Filter>Archivos de recursos</Filter>
    </Image>
  </ItemGroup>
</Project>